
Microsoft Visual Studio Solution File, Format Version 12.00
# Visual Studio Version 17
VisualStudioVersion = 17.1.32113.165
MinimumVisualStudioVersion = 10.0.40219.1
Project("{9A19103F-16F7-4668-BE54-9A1E7A4F7556}") = "SLaB.Utilities.OpenSilver", "SLaB.Utilities\SLaB.Utilities.OpenSilver.csproj", "{C1D33C35-4B22-46CE-B4DB-5E13B4D1E445}"
EndProject
Project("{9A19103F-16F7-4668-BE54-9A1E7A4F7556}") = "SLaB.Utilities.Xaml.OpenSilver", "SLaB.Utilities.Xaml\SLaB.Utilities.Xaml.OpenSilver.csproj", "{EF6D17AF-88CE-4D49-9BA7-28E3A65F7F07}"
EndProject
Project("{9A19103F-16F7-4668-BE54-9A1E7A4F7556}") = "SLaB.Utilities.Xap.OpenSilver", "SLaB.Utilities.Xap\SLaB.Utilities.Xap.OpenSilver.csproj", "{E4BA05BD-286F-42A5-A7F2-9DE7C19F6CFA}"
EndProject
Project("{9A19103F-16F7-4668-BE54-9A1E7A4F7556}") = "SLaB.Navigation.ContentLoaders.Utilities.OpenSilver", "SLaB.Navigation.ContentLoaders.Utilities\SLaB.Navigation.ContentLoaders.Utilities.OpenSilver.csproj", "{985336BF-1FE3-42D3-AF10-13409C893A81}"
EndProject
Project("{9A19103F-16F7-4668-BE54-9A1E7A4F7556}") = "SLaB.Navigation.Utilities.OpenSilver", "SLaB.Navigation.Utilities\SLaB.Navigation.Utilities.OpenSilver.csproj", "{1D923A1D-3CDB-46B0-9917-0363EDF8D41A}"
EndProject
Project("{2150E333-8FDC-42A3-9474-1A3956D46DE8}") = "Navigation", "Navigation", "{2F48FBB3-5624-4F5F-AAF5-DA2C647AB75B}"
EndProject
Project("{2150E333-8FDC-42A3-9474-1A3956D46DE8}") = "Utilities", "Utilities", "{B7BEDF35-9725-42A8-9A5C-F8EA1528DEA5}"
EndProject
Project("{9A19103F-16F7-4668-BE54-9A1E7A4F7556}") = "SLaB.Navigation.ContentLoaders.Xap.OpenSilver", "SLaB.Navigation.ContentLoaders.Xap\SLaB.Navigation.ContentLoaders.Xap.OpenSilver.csproj", "{FDEF8DE7-5AAF-4D0E-8C2E-2553AA10EA38}"
EndProject
Project("{9A19103F-16F7-4668-BE54-9A1E7A4F7556}") = "SLaB.Navigation.ContentLoaders.PageResource.OpenSilver", "SLaB.Navigation.ContentLoaders.PageResource\SLaB.Navigation.ContentLoaders.PageResource.OpenSilver.csproj", "{4006A4F5-0A2A-4560-BB31-4D978E83318A}"
EndProject
Project("{9A19103F-16F7-4668-BE54-9A1E7A4F7556}") = "SLaB.Navigation.ContentLoaders.Error.OpenSilver", "SLaB.Navigation.ContentLoaders.Error\SLaB.Navigation.ContentLoaders.Error.OpenSilver.csproj", "{0690AD33-87E9-4DED-8228-0F745120EF1D}"
EndProject
Project("{9A19103F-16F7-4668-BE54-9A1E7A4F7556}") = "ScratchContent.OpenSilver", "ScratchContent\ScratchContent.OpenSilver.csproj", "{D03C8F2F-3C1B-4BAB-987B-4ADA7603D8B7}"
EndProject
Project("{9A19103F-16F7-4668-BE54-9A1E7A4F7556}") = "ScratchApplication.OpenSilver", "ScratchApplication\ScratchApplication.OpenSilver.csproj", "{9F3D69EE-EAA3-431A-8E69-5672F9938D4F}"
EndProject
Project("{9A19103F-16F7-4668-BE54-9A1E7A4F7556}") = "ScratchApplication.Browser", "ScratchApplication.Browser\ScratchApplication.Browser.csproj", "{4F62002A-65CF-48B7-BD27-7FFCBD9B28FE}"
EndProject
Project("{9A19103F-16F7-4668-BE54-9A1E7A4F7556}") = "ScratchApplication.Simulator", "ScratchApplication.Simulator\ScratchApplication.Simulator.csproj", "{D7DBEDF6-34DB-41E9-AD7E-8314D9DD388F}"
EndProject
Project("{9A19103F-16F7-4668-BE54-9A1E7A4F7556}") = "SLaB.Utilities.Xaml.Serializer.OpenSilver", "SLaB.Utilities.Xaml.Serializer\SLaB.Utilities.Xaml.Serializer.OpenSilver.csproj", "{85D4A933-9EB6-4C38-80D6-36BFFF076CF3}"
EndProject
Project("{2150E333-8FDC-42A3-9474-1A3956D46DE8}") = "Solution Items", "Solution Items", "{76D9EE86-5602-4C81-BBF1-19825DA13819}"
	ProjectSection(SolutionItems) = preProject
		Directory.Build.targets = Directory.Build.targets
		..\.github\workflows\github-actions.yml = ..\.github\workflows\github-actions.yml
		NuGet.Config = NuGet.Config
		SharedAssemblyInfo.cs = SharedAssemblyInfo.cs
		SLaBKey.snk = SLaBKey.snk
	EndProjectSection
EndProject
Project("{9A19103F-16F7-4668-BE54-9A1E7A4F7556}") = "SLaB.Utilities.Xaml.Serializer.UI.OpenSilver", "SLaB.Utilities.Xaml.Serializer.UI\SLaB.Utilities.Xaml.Serializer.UI.OpenSilver.csproj", "{0559DD10-0EDA-4294-8813-FDA06CF2D5FD}"
EndProject
Project("{9A19103F-16F7-4668-BE54-9A1E7A4F7556}") = "SLaB.Utilities.ChangeLinq.OpenSilver", "SLaB.Utilities.ChangeLinq\SLaB.Utilities.ChangeLinq.OpenSilver.csproj", "{820C4558-D6A8-4D93-9700-89CDD7581CD0}"
EndProject
Project("{2150E333-8FDC-42A3-9474-1A3956D46DE8}") = "Printing", "Printing", "{BCC5A720-9E39-4CDF-BB6F-145D4E75735C}"
EndProject
Project("{9A19103F-16F7-4668-BE54-9A1E7A4F7556}") = "SLaB.Printing.Controls.OpenSilver", "SLaB.Printing.Controls\SLaB.Printing.Controls.OpenSilver.csproj", "{056698B3-676E-444D-ABE2-F7FC8BA6BF79}"
EndProject
Project("{2150E333-8FDC-42A3-9474-1A3956D46DE8}") = "Controls", "Controls", "{6B183DCB-DD0B-4080-9642-F2F7C97EB6C6}"
EndProject
Project("{9A19103F-16F7-4668-BE54-9A1E7A4F7556}") = "SLaB.Controls.Remote.OpenSilver", "SLaB.Controls.Remote\SLaB.Controls.Remote.OpenSilver.csproj", "{714B6A66-7263-4FAF-9A29-83A7DE6A3852}"
EndProject
Project("{9A19103F-16F7-4668-BE54-9A1E7A4F7556}") = "SLaB.Navigation.ContentLoaders.OpenSilver", "SLaB.Navigation.ContentLoaders\SLaB.Navigation.ContentLoaders.OpenSilver.csproj", "{C711A3D6-ADDF-4E3A-B843-665F1CC1F2A1}"
EndProject
Project("{9A19103F-16F7-4668-BE54-9A1E7A4F7556}") = "SLaB.Navigation.ContentLoaders.Auth.OpenSilver", "SLaB.Navigation.ContentLoaders.Auth\SLaB.Navigation.ContentLoaders.Auth.OpenSilver.csproj", "{86ADDC1A-1FBF-406E-A3B9-C328D0127CCE}"
EndProject
Project("{9A19103F-16F7-4668-BE54-9A1E7A4F7556}") = "SLaB.Navigation.ContentLoaders.MEF.OpenSilver", "SLaB.Navigation.ContentLoaders.MEF\SLaB.Navigation.ContentLoaders.MEF.OpenSilver.csproj", "{4E85414F-55D3-4497-8CF6-205F3FA8B553}"
EndProject
Project("{9A19103F-16F7-4668-BE54-9A1E7A4F7556}") = "SLaB.Navigation.Controls.OpenSilver", "SLaB.Navigation.Controls\SLaB.Navigation.Controls.OpenSilver.csproj", "{C4CA2816-7FBB-4409-BC10-60873DA35B7E}"
EndProject
Project("{2150E333-8FDC-42A3-9474-1A3956D46DE8}") = "Samples", "Samples", "{8B485857-2140-4494-B966-FE7A380B7520}"
EndProject
Global
	GlobalSection(SolutionConfigurationPlatforms) = preSolution
		Debug|Any CPU = Debug|Any CPU
		Release|Any CPU = Release|Any CPU
	EndGlobalSection
	GlobalSection(ProjectConfigurationPlatforms) = postSolution
		{C1D33C35-4B22-46CE-B4DB-5E13B4D1E445}.Debug|Any CPU.ActiveCfg = Debug|Any CPU
		{C1D33C35-4B22-46CE-B4DB-5E13B4D1E445}.Debug|Any CPU.Build.0 = Debug|Any CPU
		{C1D33C35-4B22-46CE-B4DB-5E13B4D1E445}.Release|Any CPU.ActiveCfg = Release|Any CPU
		{C1D33C35-4B22-46CE-B4DB-5E13B4D1E445}.Release|Any CPU.Build.0 = Release|Any CPU
		{EF6D17AF-88CE-4D49-9BA7-28E3A65F7F07}.Debug|Any CPU.ActiveCfg = Debug|Any CPU
		{EF6D17AF-88CE-4D49-9BA7-28E3A65F7F07}.Debug|Any CPU.Build.0 = Debug|Any CPU
		{EF6D17AF-88CE-4D49-9BA7-28E3A65F7F07}.Release|Any CPU.ActiveCfg = Release|Any CPU
		{EF6D17AF-88CE-4D49-9BA7-28E3A65F7F07}.Release|Any CPU.Build.0 = Release|Any CPU
		{E4BA05BD-286F-42A5-A7F2-9DE7C19F6CFA}.Debug|Any CPU.ActiveCfg = Debug|Any CPU
		{E4BA05BD-286F-42A5-A7F2-9DE7C19F6CFA}.Debug|Any CPU.Build.0 = Debug|Any CPU
		{E4BA05BD-286F-42A5-A7F2-9DE7C19F6CFA}.Release|Any CPU.ActiveCfg = Release|Any CPU
		{E4BA05BD-286F-42A5-A7F2-9DE7C19F6CFA}.Release|Any CPU.Build.0 = Release|Any CPU
		{985336BF-1FE3-42D3-AF10-13409C893A81}.Debug|Any CPU.ActiveCfg = Debug|Any CPU
		{985336BF-1FE3-42D3-AF10-13409C893A81}.Debug|Any CPU.Build.0 = Debug|Any CPU
		{985336BF-1FE3-42D3-AF10-13409C893A81}.Release|Any CPU.ActiveCfg = Release|Any CPU
		{985336BF-1FE3-42D3-AF10-13409C893A81}.Release|Any CPU.Build.0 = Release|Any CPU
		{1D923A1D-3CDB-46B0-9917-0363EDF8D41A}.Debug|Any CPU.ActiveCfg = Debug|Any CPU
		{1D923A1D-3CDB-46B0-9917-0363EDF8D41A}.Debug|Any CPU.Build.0 = Debug|Any CPU
		{1D923A1D-3CDB-46B0-9917-0363EDF8D41A}.Release|Any CPU.ActiveCfg = Release|Any CPU
		{1D923A1D-3CDB-46B0-9917-0363EDF8D41A}.Release|Any CPU.Build.0 = Release|Any CPU
		{FDEF8DE7-5AAF-4D0E-8C2E-2553AA10EA38}.Debug|Any CPU.ActiveCfg = Debug|Any CPU
		{FDEF8DE7-5AAF-4D0E-8C2E-2553AA10EA38}.Debug|Any CPU.Build.0 = Debug|Any CPU
		{FDEF8DE7-5AAF-4D0E-8C2E-2553AA10EA38}.Release|Any CPU.ActiveCfg = Release|Any CPU
		{FDEF8DE7-5AAF-4D0E-8C2E-2553AA10EA38}.Release|Any CPU.Build.0 = Release|Any CPU
		{4006A4F5-0A2A-4560-BB31-4D978E83318A}.Debug|Any CPU.ActiveCfg = Debug|Any CPU
		{4006A4F5-0A2A-4560-BB31-4D978E83318A}.Debug|Any CPU.Build.0 = Debug|Any CPU
		{4006A4F5-0A2A-4560-BB31-4D978E83318A}.Release|Any CPU.ActiveCfg = Release|Any CPU
		{4006A4F5-0A2A-4560-BB31-4D978E83318A}.Release|Any CPU.Build.0 = Release|Any CPU
		{0690AD33-87E9-4DED-8228-0F745120EF1D}.Debug|Any CPU.ActiveCfg = Debug|Any CPU
		{0690AD33-87E9-4DED-8228-0F745120EF1D}.Debug|Any CPU.Build.0 = Debug|Any CPU
		{0690AD33-87E9-4DED-8228-0F745120EF1D}.Release|Any CPU.ActiveCfg = Release|Any CPU
		{0690AD33-87E9-4DED-8228-0F745120EF1D}.Release|Any CPU.Build.0 = Release|Any CPU
		{D03C8F2F-3C1B-4BAB-987B-4ADA7603D8B7}.Debug|Any CPU.ActiveCfg = Debug|Any CPU
		{D03C8F2F-3C1B-4BAB-987B-4ADA7603D8B7}.Debug|Any CPU.Build.0 = Debug|Any CPU
		{D03C8F2F-3C1B-4BAB-987B-4ADA7603D8B7}.Release|Any CPU.ActiveCfg = Release|Any CPU
		{D03C8F2F-3C1B-4BAB-987B-4ADA7603D8B7}.Release|Any CPU.Build.0 = Release|Any CPU
		{9F3D69EE-EAA3-431A-8E69-5672F9938D4F}.Debug|Any CPU.ActiveCfg = Debug|Any CPU
		{9F3D69EE-EAA3-431A-8E69-5672F9938D4F}.Debug|Any CPU.Build.0 = Debug|Any CPU
		{9F3D69EE-EAA3-431A-8E69-5672F9938D4F}.Release|Any CPU.ActiveCfg = Release|Any CPU
		{9F3D69EE-EAA3-431A-8E69-5672F9938D4F}.Release|Any CPU.Build.0 = Release|Any CPU
		{4F62002A-65CF-48B7-BD27-7FFCBD9B28FE}.Debug|Any CPU.ActiveCfg = Debug|Any CPU
		{4F62002A-65CF-48B7-BD27-7FFCBD9B28FE}.Debug|Any CPU.Build.0 = Debug|Any CPU
		{4F62002A-65CF-48B7-BD27-7FFCBD9B28FE}.Release|Any CPU.ActiveCfg = Release|Any CPU
		{4F62002A-65CF-48B7-BD27-7FFCBD9B28FE}.Release|Any CPU.Build.0 = Release|Any CPU
		{D7DBEDF6-34DB-41E9-AD7E-8314D9DD388F}.Debug|Any CPU.ActiveCfg = Debug|Any CPU
		{D7DBEDF6-34DB-41E9-AD7E-8314D9DD388F}.Debug|Any CPU.Build.0 = Debug|Any CPU
		{D7DBEDF6-34DB-41E9-AD7E-8314D9DD388F}.Release|Any CPU.ActiveCfg = Release|Any CPU
		{D7DBEDF6-34DB-41E9-AD7E-8314D9DD388F}.Release|Any CPU.Build.0 = Release|Any CPU
		{85D4A933-9EB6-4C38-80D6-36BFFF076CF3}.Debug|Any CPU.ActiveCfg = Debug|Any CPU
		{85D4A933-9EB6-4C38-80D6-36BFFF076CF3}.Debug|Any CPU.Build.0 = Debug|Any CPU
		{85D4A933-9EB6-4C38-80D6-36BFFF076CF3}.Release|Any CPU.ActiveCfg = Release|Any CPU
		{85D4A933-9EB6-4C38-80D6-36BFFF076CF3}.Release|Any CPU.Build.0 = Release|Any CPU
		{0559DD10-0EDA-4294-8813-FDA06CF2D5FD}.Debug|Any CPU.ActiveCfg = Debug|Any CPU
		{0559DD10-0EDA-4294-8813-FDA06CF2D5FD}.Debug|Any CPU.Build.0 = Debug|Any CPU
		{0559DD10-0EDA-4294-8813-FDA06CF2D5FD}.Release|Any CPU.ActiveCfg = Release|Any CPU
		{0559DD10-0EDA-4294-8813-FDA06CF2D5FD}.Release|Any CPU.Build.0 = Release|Any CPU
		{820C4558-D6A8-4D93-9700-89CDD7581CD0}.Debug|Any CPU.ActiveCfg = Debug|Any CPU
		{820C4558-D6A8-4D93-9700-89CDD7581CD0}.Debug|Any CPU.Build.0 = Debug|Any CPU
		{820C4558-D6A8-4D93-9700-89CDD7581CD0}.Release|Any CPU.ActiveCfg = Release|Any CPU
		{820C4558-D6A8-4D93-9700-89CDD7581CD0}.Release|Any CPU.Build.0 = Release|Any CPU
		{056698B3-676E-444D-ABE2-F7FC8BA6BF79}.Debug|Any CPU.ActiveCfg = Debug|Any CPU
		{056698B3-676E-444D-ABE2-F7FC8BA6BF79}.Debug|Any CPU.Build.0 = Debug|Any CPU
		{056698B3-676E-444D-ABE2-F7FC8BA6BF79}.Release|Any CPU.ActiveCfg = Release|Any CPU
		{056698B3-676E-444D-ABE2-F7FC8BA6BF79}.Release|Any CPU.Build.0 = Release|Any CPU
		{714B6A66-7263-4FAF-9A29-83A7DE6A3852}.Debug|Any CPU.ActiveCfg = Debug|Any CPU
		{714B6A66-7263-4FAF-9A29-83A7DE6A3852}.Debug|Any CPU.Build.0 = Debug|Any CPU
		{714B6A66-7263-4FAF-9A29-83A7DE6A3852}.Release|Any CPU.ActiveCfg = Release|Any CPU
		{714B6A66-7263-4FAF-9A29-83A7DE6A3852}.Release|Any CPU.Build.0 = Release|Any CPU
		{C711A3D6-ADDF-4E3A-B843-665F1CC1F2A1}.Debug|Any CPU.ActiveCfg = Debug|Any CPU
		{C711A3D6-ADDF-4E3A-B843-665F1CC1F2A1}.Debug|Any CPU.Build.0 = Debug|Any CPU
		{C711A3D6-ADDF-4E3A-B843-665F1CC1F2A1}.Release|Any CPU.ActiveCfg = Release|Any CPU
		{C711A3D6-ADDF-4E3A-B843-665F1CC1F2A1}.Release|Any CPU.Build.0 = Release|Any CPU
		{86ADDC1A-1FBF-406E-A3B9-C328D0127CCE}.Debug|Any CPU.ActiveCfg = Debug|Any CPU
		{86ADDC1A-1FBF-406E-A3B9-C328D0127CCE}.Debug|Any CPU.Build.0 = Debug|Any CPU
		{86ADDC1A-1FBF-406E-A3B9-C328D0127CCE}.Release|Any CPU.ActiveCfg = Release|Any CPU
		{86ADDC1A-1FBF-406E-A3B9-C328D0127CCE}.Release|Any CPU.Build.0 = Release|Any CPU
		{4E85414F-55D3-4497-8CF6-205F3FA8B553}.Debug|Any CPU.ActiveCfg = Debug|Any CPU
		{4E85414F-55D3-4497-8CF6-205F3FA8B553}.Debug|Any CPU.Build.0 = Debug|Any CPU
		{4E85414F-55D3-4497-8CF6-205F3FA8B553}.Release|Any CPU.ActiveCfg = Release|Any CPU
		{4E85414F-55D3-4497-8CF6-205F3FA8B553}.Release|Any CPU.Build.0 = Release|Any CPU
		{C4CA2816-7FBB-4409-BC10-60873DA35B7E}.Debug|Any CPU.ActiveCfg = Debug|Any CPU
		{C4CA2816-7FBB-4409-BC10-60873DA35B7E}.Debug|Any CPU.Build.0 = Debug|Any CPU
		{C4CA2816-7FBB-4409-BC10-60873DA35B7E}.Release|Any CPU.ActiveCfg = Release|Any CPU
		{C4CA2816-7FBB-4409-BC10-60873DA35B7E}.Release|Any CPU.Build.0 = Release|Any CPU
	EndGlobalSection
	GlobalSection(SolutionProperties) = preSolution
		HideSolutionNode = FALSE
	EndGlobalSection
	GlobalSection(NestedProjects) = preSolution
		{C1D33C35-4B22-46CE-B4DB-5E13B4D1E445} = {B7BEDF35-9725-42A8-9A5C-F8EA1528DEA5}
		{EF6D17AF-88CE-4D49-9BA7-28E3A65F7F07} = {B7BEDF35-9725-42A8-9A5C-F8EA1528DEA5}
		{E4BA05BD-286F-42A5-A7F2-9DE7C19F6CFA} = {B7BEDF35-9725-42A8-9A5C-F8EA1528DEA5}
		{985336BF-1FE3-42D3-AF10-13409C893A81} = {2F48FBB3-5624-4F5F-AAF5-DA2C647AB75B}
		{1D923A1D-3CDB-46B0-9917-0363EDF8D41A} = {2F48FBB3-5624-4F5F-AAF5-DA2C647AB75B}
		{FDEF8DE7-5AAF-4D0E-8C2E-2553AA10EA38} = {2F48FBB3-5624-4F5F-AAF5-DA2C647AB75B}
		{4006A4F5-0A2A-4560-BB31-4D978E83318A} = {2F48FBB3-5624-4F5F-AAF5-DA2C647AB75B}
		{0690AD33-87E9-4DED-8228-0F745120EF1D} = {2F48FBB3-5624-4F5F-AAF5-DA2C647AB75B}
		{D03C8F2F-3C1B-4BAB-987B-4ADA7603D8B7} = {8B485857-2140-4494-B966-FE7A380B7520}
		{9F3D69EE-EAA3-431A-8E69-5672F9938D4F} = {8B485857-2140-4494-B966-FE7A380B7520}
		{4F62002A-65CF-48B7-BD27-7FFCBD9B28FE} = {8B485857-2140-4494-B966-FE7A380B7520}
		{D7DBEDF6-34DB-41E9-AD7E-8314D9DD388F} = {8B485857-2140-4494-B966-FE7A380B7520}
		{85D4A933-9EB6-4C38-80D6-36BFFF076CF3} = {B7BEDF35-9725-42A8-9A5C-F8EA1528DEA5}
		{0559DD10-0EDA-4294-8813-FDA06CF2D5FD} = {B7BEDF35-9725-42A8-9A5C-F8EA1528DEA5}
		{820C4558-D6A8-4D93-9700-89CDD7581CD0} = {B7BEDF35-9725-42A8-9A5C-F8EA1528DEA5}
		{056698B3-676E-444D-ABE2-F7FC8BA6BF79} = {BCC5A720-9E39-4CDF-BB6F-145D4E75735C}
		{714B6A66-7263-4FAF-9A29-83A7DE6A3852} = {6B183DCB-DD0B-4080-9642-F2F7C97EB6C6}
		{C711A3D6-ADDF-4E3A-B843-665F1CC1F2A1} = {2F48FBB3-5624-4F5F-AAF5-DA2C647AB75B}
		{86ADDC1A-1FBF-406E-A3B9-C328D0127CCE} = {2F48FBB3-5624-4F5F-AAF5-DA2C647AB75B}
		{4E85414F-55D3-4497-8CF6-205F3FA8B553} = {2F48FBB3-5624-4F5F-AAF5-DA2C647AB75B}
		{C4CA2816-7FBB-4409-BC10-60873DA35B7E} = {2F48FBB3-5624-4F5F-AAF5-DA2C647AB75B}
	EndGlobalSection
	GlobalSection(ExtensibilityGlobals) = postSolution
		SolutionGuid = {31D15008-C627-491C-9049-D700ABC50DD6}
	EndGlobalSection
EndGlobal
